// !$*UTF8*$!
{
	archiveVersion = 1;
	classes = {
	};
	objectVersion = 56;
	objects = {

/* Begin PBXBuildFile section */
		AE8D292329E031C2007B0539 /* TweetContentView.swift in Sources */ = {isa = PBXBuildFile; fileRef = AE8D292229E031C2007B0539 /* TweetContentView.swift */; };
		AE8D292629E0337E007B0539 /* SnapKit in Frameworks */ = {isa = PBXBuildFile; productRef = AE8D292529E0337E007B0539 /* SnapKit */; };
		AE8D292929E059C0007B0539 /* TweetActionView.swift in Sources */ = {isa = PBXBuildFile; fileRef = AE8D292829E059C0007B0539 /* TweetActionView.swift */; };
		AE8D292E29E05D10007B0539 /* TweetView.swift in Sources */ = {isa = PBXBuildFile; fileRef = AE8D292D29E05D10007B0539 /* TweetView.swift */; };
		AE8D293029E05D9C007B0539 /* TweetActionButtonsView.swift in Sources */ = {isa = PBXBuildFile; fileRef = AE8D292F29E05D9C007B0539 /* TweetActionButtonsView.swift */; };
		AEEEC6FB29DF457C0012C383 /* AppDelegate.swift in Sources */ = {isa = PBXBuildFile; fileRef = AEEEC6FA29DF457C0012C383 /* AppDelegate.swift */; };
		AEEEC6FD29DF457C0012C383 /* SceneDelegate.swift in Sources */ = {isa = PBXBuildFile; fileRef = AEEEC6FC29DF457C0012C383 /* SceneDelegate.swift */; };
		AEEEC6FF29DF457C0012C383 /* ViewController.swift in Sources */ = {isa = PBXBuildFile; fileRef = AEEEC6FE29DF457C0012C383 /* ViewController.swift */; };
		AEEEC70429DF457E0012C383 /* Assets.xcassets in Resources */ = {isa = PBXBuildFile; fileRef = AEEEC70329DF457E0012C383 /* Assets.xcassets */; };
		AEEEC70729DF457E0012C383 /* LaunchScreen.storyboard in Resources */ = {isa = PBXBuildFile; fileRef = AEEEC70529DF457E0012C383 /* LaunchScreen.storyboard */; };
/* End PBXBuildFile section */

/* Begin PBXFileReference section */
		AE8D292229E031C2007B0539 /* TweetContentView.swift */ = {isa = PBXFileReference; lastKnownFileType = sourcecode.swift; path = TweetContentView.swift; sourceTree = "<group>"; };
		AE8D292829E059C0007B0539 /* TweetActionView.swift */ = {isa = PBXFileReference; lastKnownFileType = sourcecode.swift; path = TweetActionView.swift; sourceTree = "<group>"; };
		AE8D292D29E05D10007B0539 /* TweetView.swift */ = {isa = PBXFileReference; lastKnownFileType = sourcecode.swift; path = TweetView.swift; sourceTree = "<group>"; };
		AE8D292F29E05D9C007B0539 /* TweetActionButtonsView.swift */ = {isa = PBXFileReference; lastKnownFileType = sourcecode.swift; path = TweetActionButtonsView.swift; sourceTree = "<group>"; };
		AEEEC6F729DF457C0012C383 /* ACBWeek1.app */ = {isa = PBXFileReference; explicitFileType = wrapper.application; includeInIndex = 0; path = ACBWeek1.app; sourceTree = BUILT_PRODUCTS_DIR; };
		AEEEC6FA29DF457C0012C383 /* AppDelegate.swift */ = {isa = PBXFileReference; lastKnownFileType = sourcecode.swift; path = AppDelegate.swift; sourceTree = "<group>"; };
		AEEEC6FC29DF457C0012C383 /* SceneDelegate.swift */ = {isa = PBXFileReference; lastKnownFileType = sourcecode.swift; path = SceneDelegate.swift; sourceTree = "<group>"; };
		AEEEC6FE29DF457C0012C383 /* ViewController.swift */ = {isa = PBXFileReference; lastKnownFileType = sourcecode.swift; path = ViewController.swift; sourceTree = "<group>"; };
		AEEEC70329DF457E0012C383 /* Assets.xcassets */ = {isa = PBXFileReference; lastKnownFileType = folder.assetcatalog; path = Assets.xcassets; sourceTree = "<group>"; };
		AEEEC70629DF457E0012C383 /* Base */ = {isa = PBXFileReference; lastKnownFileType = file.storyboard; name = Base; path = Base.lproj/LaunchScreen.storyboard; sourceTree = "<group>"; };
		AEEEC70829DF457E0012C383 /* Info.plist */ = {isa = PBXFileReference; lastKnownFileType = text.plist.xml; path = Info.plist; sourceTree = "<group>"; };
/* End PBXFileReference section */

/* Begin PBXFrameworksBuildPhase section */
		AEEEC6F429DF457C0012C383 /* Frameworks */ = {
			isa = PBXFrameworksBuildPhase;
			buildActionMask = 2147483647;
			files = (
				AE8D292629E0337E007B0539 /* SnapKit in Frameworks */,
			);
			runOnlyForDeploymentPostprocessing = 0;
		};
/* End PBXFrameworksBuildPhase section */

/* Begin PBXGroup section */
		AE8D292B29E059D3007B0539 /* Views */ = {
			isa = PBXGroup;
			children = (
				AE8D292229E031C2007B0539 /* TweetContentView.swift */,
				AE8D292829E059C0007B0539 /* TweetActionView.swift */,
				AE8D292D29E05D10007B0539 /* TweetView.swift */,
				AE8D292F29E05D9C007B0539 /* TweetActionButtonsView.swift */,
			);
			path = Views;
			sourceTree = "<group>";
		};
		AE8D292C29E05CFA007B0539 /* Cells */ = {
			isa = PBXGroup;
			children = (
			);
			path = Cells;
			sourceTree = "<group>";
		};
		AEEEC6EE29DF457C0012C383 = {
			isa = PBXGroup;
			children = (
				AEEEC6F929DF457C0012C383 /* ACBWeek1 */,
				AEEEC6F829DF457C0012C383 /* Products */,
			);
			sourceTree = "<group>";
		};
		AEEEC6F829DF457C0012C383 /* Products */ = {
			isa = PBXGroup;
			children = (
				AEEEC6F729DF457C0012C383 /* ACBWeek1.app */,
			);
			name = Products;
			sourceTree = "<group>";
		};
		AEEEC6F929DF457C0012C383 /* ACBWeek1 */ = {
			isa = PBXGroup;
			children = (
				AE8D292C29E05CFA007B0539 /* Cells */,
				AE8D292B29E059D3007B0539 /* Views */,
				AEEEC6FA29DF457C0012C383 /* AppDelegate.swift */,
				AEEEC6FC29DF457C0012C383 /* SceneDelegate.swift */,
				AEEEC6FE29DF457C0012C383 /* ViewController.swift */,
				AEEEC70329DF457E0012C383 /* Assets.xcassets */,
				AEEEC70529DF457E0012C383 /* LaunchScreen.storyboard */,
				AEEEC70829DF457E0012C383 /* Info.plist */,
			);
			path = ACBWeek1;
			sourceTree = "<group>";
		};
/* End PBXGroup section */

/* Begin PBXNativeTarget section */
		AEEEC6F629DF457C0012C383 /* ACBWeek1 */ = {
			isa = PBXNativeTarget;
			buildConfigurationList = AEEEC70B29DF457E0012C383 /* Build configuration list for PBXNativeTarget "ACBWeek1" */;
			buildPhases = (
				AEEEC6F329DF457C0012C383 /* Sources */,
				AEEEC6F429DF457C0012C383 /* Frameworks */,
				AEEEC6F529DF457C0012C383 /* Resources */,
				AE8D292729E0338B007B0539 /* ShellScript */,
			);
			buildRules = (
			);
			dependencies = (
			);
			name = ACBWeek1;
			packageProductDependencies = (
				AE8D292529E0337E007B0539 /* SnapKit */,
			);
			productName = ACBWeek1;
			productReference = AEEEC6F729DF457C0012C383 /* ACBWeek1.app */;
			productType = "com.apple.product-type.application";
		};
/* End PBXNativeTarget section */

/* Begin PBXProject section */
		AEEEC6EF29DF457C0012C383 /* Project object */ = {
			isa = PBXProject;
			attributes = {
				BuildIndependentTargetsInParallel = 1;
				LastSwiftUpdateCheck = 1420;
				LastUpgradeCheck = 1420;
				TargetAttributes = {
					AEEEC6F629DF457C0012C383 = {
						CreatedOnToolsVersion = 14.2;
					};
				};
			};
			buildConfigurationList = AEEEC6F229DF457C0012C383 /* Build configuration list for PBXProject "ACBWeek1" */;
			compatibilityVersion = "Xcode 14.0";
			developmentRegion = en;
			hasScannedForEncodings = 0;
			knownRegions = (
				en,
				Base,
			);
			mainGroup = AEEEC6EE29DF457C0012C383;
			packageReferences = (
				AE8D292429E0337D007B0539 /* XCRemoteSwiftPackageReference "SnapKit" */,
			);
			productRefGroup = AEEEC6F829DF457C0012C383 /* Products */;
			projectDirPath = "";
			projectRoot = "";
			targets = (
				AEEEC6F629DF457C0012C383 /* ACBWeek1 */,
			);
		};
/* End PBXProject section */

/* Begin PBXResourcesBuildPhase section */
		AEEEC6F529DF457C0012C383 /* Resources */ = {
			isa = PBXResourcesBuildPhase;
			buildActionMask = 2147483647;
			files = (
				AEEEC70729DF457E0012C383 /* LaunchScreen.storyboard in Resources */,
				AEEEC70429DF457E0012C383 /* Assets.xcassets in Resources */,
			);
			runOnlyForDeploymentPostprocessing = 0;
		};
/* End PBXResourcesBuildPhase section */

/* Begin PBXShellScriptBuildPhase section */
		AE8D292729E0338B007B0539 /* ShellScript */ = {
			isa = PBXShellScriptBuildPhase;
			buildActionMask = 2147483647;
			files = (
			);
			inputFileListPaths = (
			);
			inputPaths = (
			);
			outputFileListPaths = (
			);
			outputPaths = (
			);
			runOnlyForDeploymentPostprocessing = 0;
			shellPath = /bin/sh;
			shellScript = "# Type a script or drag a script file from your workspace to insert its path.\nexport PATH=\"$PATH:/opt/homebrew/bin\"\nif which swiftlint > /dev/null; then\n  swiftlint\nelse\n  echo \"warning: SwiftLint not installed, download from https://github.com/realm/SwiftLint\"\nfi\n";
		};
/* End PBXShellScriptBuildPhase section */

/* Begin PBXSourcesBuildPhase section */
		AEEEC6F329DF457C0012C383 /* Sources */ = {
			isa = PBXSourcesBuildPhase;
			buildActionMask = 2147483647;
			files = (
				AE8D292929E059C0007B0539 /* TweetActionView.swift in Sources */,
				AE8D292329E031C2007B0539 /* TweetContentView.swift in Sources */,
				AEEEC6FF29DF457C0012C383 /* ViewController.swift in Sources */,
				AEEEC6FB29DF457C0012C383 /* AppDelegate.swift in Sources */,
				AE8D292E29E05D10007B0539 /* TweetView.swift in Sources */,
				AEEEC6FD29DF457C0012C383 /* SceneDelegate.swift in Sources */,
				AE8D293029E05D9C007B0539 /* TweetActionButtonsView.swift in Sources */,
			);
			runOnlyForDeploymentPostprocessing = 0;
		};
/* End PBXSourcesBuildPhase section */

/* Begin PBXVariantGroup section */
		AEEEC70529DF457E0012C383 /* LaunchScreen.storyboard */ = {
			isa = PBXVariantGroup;
			children = (
				AEEEC70629DF457E0012C383 /* Base */,
			);
			name = LaunchScreen.storyboard;
			sourceTree = "<group>";
		};
/* End PBXVariantGroup section */

/* Begin XCBuildConfiguration section */
		AEEEC70929DF457E0012C383 /* Debug */ = {
			isa = XCBuildConfiguration;
			buildSettings = {
				ALWAYS_SEARCH_USER_PATHS = NO;
				CLANG_ANALYZER_NONNULL = YES;
				CLANG_ANALYZER_NUMBER_OBJECT_CONVERSION = YES_AGGRESSIVE;
				CLANG_CXX_LANGUAGE_STANDARD = "gnu++20";
				CLANG_ENABLE_MODULES = YES;
				CLANG_ENABLE_OBJC_ARC = YES;
				CLANG_ENABLE_OBJC_WEAK = YES;
				CLANG_WARN_BLOCK_CAPTURE_AUTORELEASING = YES;
				CLANG_WARN_BOOL_CONVERSION = YES;
				CLANG_WARN_COMMA = YES;
				CLANG_WARN_CONSTANT_CONVERSION = YES;
				CLANG_WARN_DEPRECATED_OBJC_IMPLEMENTATIONS = YES;
				CLANG_WARN_DIRECT_OBJC_ISA_USAGE = YES_ERROR;
				CLANG_WARN_DOCUMENTATION_COMMENTS = YES;
				CLANG_WARN_EMPTY_BODY = YES;
				CLANG_WARN_ENUM_CONVERSION = YES;
				CLANG_WARN_INFINITE_RECURSION = YES;
				CLANG_WARN_INT_CONVERSION = YES;
				CLANG_WARN_NON_LITERAL_NULL_CONVERSION = YES;
				CLANG_WARN_OBJC_IMPLICIT_RETAIN_SELF = YES;
				CLANG_WARN_OBJC_LITERAL_CONVERSION = YES;
				CLANG_WARN_OBJC_ROOT_CLASS = YES_ERROR;
				CLANG_WARN_QUOTED_INCLUDE_IN_FRAMEWORK_HEADER = YES;
				CLANG_WARN_RANGE_LOOP_ANALYSIS = YES;
				CLANG_WARN_STRICT_PROTOTYPES = YES;
				CLANG_WARN_SUSPICIOUS_MOVE = YES;
				CLANG_WARN_UNGUARDED_AVAILABILITY = YES_AGGRESSIVE;
				CLANG_WARN_UNREACHABLE_CODE = YES;
				CLANG_WARN__DUPLICATE_METHOD_MATCH = YES;
				COPY_PHASE_STRIP = NO;
				DEBUG_INFORMATION_FORMAT = dwarf;
				ENABLE_STRICT_OBJC_MSGSEND = YES;
				ENABLE_TESTABILITY = YES;
				GCC_C_LANGUAGE_STANDARD = gnu11;
				GCC_DYNAMIC_NO_PIC = NO;
				GCC_NO_COMMON_BLOCKS = YES;
				GCC_OPTIMIZATION_LEVEL = 0;
				GCC_PREPROCESSOR_DEFINITIONS = (
					"DEBUG=1",
					"$(inherited)",
				);
				GCC_WARN_64_TO_32_BIT_CONVERSION = YES;
				GCC_WARN_ABOUT_RETURN_TYPE = YES_ERROR;
				GCC_WARN_UNDECLARED_SELECTOR = YES;
				GCC_WARN_UNINITIALIZED_AUTOS = YES_AGGRESSIVE;
				GCC_WARN_UNUSED_FUNCTION = YES;
				GCC_WARN_UNUSED_VARIABLE = YES;
				IPHONEOS_DEPLOYMENT_TARGET = 16.2;
				MTL_ENABLE_DEBUG_INFO = INCLUDE_SOURCE;
				MTL_FAST_MATH = YES;
				ONLY_ACTIVE_ARCH = YES;
				SDKROOT = iphoneos;
				SWIFT_ACTIVE_COMPILATION_CONDITIONS = DEBUG;
				SWIFT_OPTIMIZATION_LEVEL = "-Onone";
			};
			name = Debug;
		};
		AEEEC70A29DF457E0012C383 /* Release */ = {
			isa = XCBuildConfiguration;
			buildSettings = {
				ALWAYS_SEARCH_USER_PATHS = NO;
				CLANG_ANALYZER_NONNULL = YES;
				CLANG_ANALYZER_NUMBER_OBJECT_CONVERSION = YES_AGGRESSIVE;
				CLANG_CXX_LANGUAGE_STANDARD = "gnu++20";
				CLANG_ENABLE_MODULES = YES;
				CLANG_ENABLE_OBJC_ARC = YES;
				CLANG_ENABLE_OBJC_WEAK = YES;
				CLANG_WARN_BLOCK_CAPTURE_AUTORELEASING = YES;
				CLANG_WARN_BOOL_CONVERSION = YES;
				CLANG_WARN_COMMA = YES;
				CLANG_WARN_CONSTANT_CONVERSION = YES;
				CLANG_WARN_DEPRECATED_OBJC_IMPLEMENTATIONS = YES;
				CLANG_WARN_DIRECT_OBJC_ISA_USAGE = YES_ERROR;
				CLANG_WARN_DOCUMENTATION_COMMENTS = YES;
				CLANG_WARN_EMPTY_BODY = YES;
				CLANG_WARN_ENUM_CONVERSION = YES;
				CLANG_WARN_INFINITE_RECURSION = YES;
				CLANG_WARN_INT_CONVERSION = YES;
				CLANG_WARN_NON_LITERAL_NULL_CONVERSION = YES;
				CLANG_WARN_OBJC_IMPLICIT_RETAIN_SELF = YES;
				CLANG_WARN_OBJC_LITERAL_CONVERSION = YES;
				CLANG_WARN_OBJC_ROOT_CLASS = YES_ERROR;
				CLANG_WARN_QUOTED_INCLUDE_IN_FRAMEWORK_HEADER = YES;
				CLANG_WARN_RANGE_LOOP_ANALYSIS = YES;
				CLANG_WARN_STRICT_PROTOTYPES = YES;
				CLANG_WARN_SUSPICIOUS_MOVE = YES;
				CLANG_WARN_UNGUARDED_AVAILABILITY = YES_AGGRESSIVE;
				CLANG_WARN_UNREACHABLE_CODE = YES;
				CLANG_WARN__DUPLICATE_METHOD_MATCH = YES;
				COPY_PHASE_STRIP = NO;
				DEBUG_INFORMATION_FORMAT = "dwarf-with-dsym";
				ENABLE_NS_ASSERTIONS = NO;
				ENABLE_STRICT_OBJC_MSGSEND = YES;
				GCC_C_LANGUAGE_STANDARD = gnu11;
				GCC_NO_COMMON_BLOCKS = YES;
				GCC_WARN_64_TO_32_BIT_CONVERSION = YES;
				GCC_WARN_ABOUT_RETURN_TYPE = YES_ERROR;
				GCC_WARN_UNDECLARED_SELECTOR = YES;
				GCC_WARN_UNINITIALIZED_AUTOS = YES_AGGRESSIVE;
				GCC_WARN_UNUSED_FUNCTION = YES;
				GCC_WARN_UNUSED_VARIABLE = YES;
				IPHONEOS_DEPLOYMENT_TARGET = 16.2;
				MTL_ENABLE_DEBUG_INFO = NO;
				MTL_FAST_MATH = YES;
				SDKROOT = iphoneos;
				SWIFT_COMPILATION_MODE = wholemodule;
				SWIFT_OPTIMIZATION_LEVEL = "-O";
				VALIDATE_PRODUCT = YES;
			};
			name = Release;
		};
		AEEEC70C29DF457E0012C383 /* Debug */ = {
			isa = XCBuildConfiguration;
			buildSettings = {
				ASSETCATALOG_COMPILER_APPICON_NAME = AppIcon;
				ASSETCATALOG_COMPILER_GLOBAL_ACCENT_COLOR_NAME = AccentColor;
				CODE_SIGN_STYLE = Automatic;
				CURRENT_PROJECT_VERSION = 1;
				GENERATE_INFOPLIST_FILE = YES;
				INFOPLIST_FILE = ACBWeek1/Info.plist;
				INFOPLIST_KEY_UIApplicationSupportsIndirectInputEvents = YES;
				INFOPLIST_KEY_UILaunchStoryboardName = LaunchScreen;
				INFOPLIST_KEY_UISupportedInterfaceOrientations_iPad = "UIInterfaceOrientationPortrait UIInterfaceOrientationPortraitUpsideDown UIInterfaceOrientationLandscapeLeft UIInterfaceOrientationLandscapeRight";
				INFOPLIST_KEY_UISupportedInterfaceOrientations_iPhone = "UIInterfaceOrientationPortrait UIInterfaceOrientationLandscapeLeft UIInterfaceOrientationLandscapeRight";
				LD_RUNPATH_SEARCH_PATHS = (
					"$(inherited)",
					"@executable_path/Frameworks",
				);
				MARKETING_VERSION = 1.0;
				PRODUCT_BUNDLE_IDENTIFIER = com.barissavas.ACBWeek1;
				PRODUCT_NAME = "$(TARGET_NAME)";
				SWIFT_EMIT_LOC_STRINGS = YES;
				SWIFT_VERSION = 5.0;
				TARGETED_DEVICE_FAMILY = "1,2";
			};
			name = Debug;
		};
		AEEEC70D29DF457E0012C383 /* Release */ = {
			isa = XCBuildConfiguration;
			buildSettings = {
				ASSETCATALOG_COMPILER_APPICON_NAME = AppIcon;
				ASSETCATALOG_COMPILER_GLOBAL_ACCENT_COLOR_NAME = AccentColor;
				CODE_SIGN_STYLE = Automatic;
				CURRENT_PROJECT_VERSION = 1;
				GENERATE_INFOPLIST_FILE = YES;
				INFOPLIST_FILE = ACBWeek1/Info.plist;
				INFOPLIST_KEY_UIApplicationSupportsIndirectInputEvents = YES;
				INFOPLIST_KEY_UILaunchStoryboardName = LaunchScreen;
				INFOPLIST_KEY_UISupportedInterfaceOrientations_iPad = "UIInterfaceOrientationPortrait UIInterfaceOrientationPortraitUpsideDown UIInterfaceOrientationLandscapeLeft UIInterfaceOrientationLandscapeRight";
				INFOPLIST_KEY_UISupportedInterfaceOrientations_iPhone = "UIInterfaceOrientationPortrait UIInterfaceOrientationLandscapeLeft UIInterfaceOrientationLandscapeRight";
				LD_RUNPATH_SEARCH_PATHS = (
					"$(inherited)",
					"@executable_path/Frameworks",
				);
				MARKETING_VERSION = 1.0;
				PRODUCT_BUNDLE_IDENTIFIER = com.barissavas.ACBWeek1;
				PRODUCT_NAME = "$(TARGET_NAME)";
				SWIFT_EMIT_LOC_STRINGS = YES;
				SWIFT_VERSION = 5.0;
				TARGETED_DEVICE_FAMILY = "1,2";
			};
			name = Release;
		};
/* End XCBuildConfiguration section */

/* Begin XCConfigurationList section */
		AEEEC6F229DF457C0012C383 /* Build configuration list for PBXProject "ACBWeek1" */ = {
			isa = XCConfigurationList;
			buildConfigurations = (
				AEEEC70929DF457E0012C383 /* Debug */,
				AEEEC70A29DF457E0012C383 /* Release */,
			);
			defaultConfigurationIsVisible = 0;
			defaultConfigurationName = Release;
		};
		AEEEC70B29DF457E0012C383 /* Build configuration list for PBXNativeTarget "ACBWeek1" */ = {
			isa = XCConfigurationList;
			buildConfigurations = (
				AEEEC70C29DF457E0012C383 /* Debug */,
				AEEEC70D29DF457E0012C383 /* Release */,
			);
			defaultConfigurationIsVisible = 0;
			defaultConfigurationName = Release;
		};
/* End XCConfigurationList section */

/* Begin XCRemoteSwiftPackageReference section */
		AE8D292429E0337D007B0539 /* XCRemoteSwiftPackageReference "SnapKit" */ = {
			isa = XCRemoteSwiftPackageReference;
			repositoryURL = "https://github.com/SnapKit/SnapKit.git";
			requirement = {
				kind = exactVersion;
				version = 5.6.0;
			};
		};
/* End XCRemoteSwiftPackageReference section */

/* Begin XCSwiftPackageProductDependency section */
		AE8D292529E0337E007B0539 /* SnapKit */ = {
			isa = XCSwiftPackageProductDependency;
			package = AE8D292429E0337D007B0539 /* XCRemoteSwiftPackageReference "SnapKit" */;
			productName = SnapKit;
		};
/* End XCSwiftPackageProductDependency section */
	};
	rootObject = AEEEC6EF29DF457C0012C383 /* Project object */;
}
